
Microsoft Visual Studio Solution File, Format Version 12.00
# Visual Studio 2012
Project("{FAE04EC0-301F-11D3-BF4B-00C04F79EFBC}") = "ClickNDone.Core", "ClickNDone.Core\ClickNDone.Core.csproj", "{DFD3D4B0-1E41-4457-95F5-B360133D8196}"
EndProject
Project("{FAE04EC0-301F-11D3-BF4B-00C04F79EFBC}") = "ClickNDone.iOS", "ClickNDone.iOS\ClickNDone.iOS.csproj", "{AB8E49D1-72BA-4150-88A3-FD172A1D4A87}"
EndProject
Project("{FAE04EC0-301F-11D3-BF4B-00C04F79EFBC}") = "ClickNDone.Droid", "ClickNDone.Droid\ClickNDone.Droid.csproj", "{FE7ED3C5-C567-408C-B1B8-DC5549F45928}"
EndProject
Global
	GlobalSection(SolutionConfigurationPlatforms) = preSolution
		Ad-Hoc|Any CPU = Ad-Hoc|Any CPU
		Ad-Hoc|iPhone = Ad-Hoc|iPhone
		Ad-Hoc|iPhoneSimulator = Ad-Hoc|iPhoneSimulator
		AppStore|Any CPU = AppStore|Any CPU
		AppStore|iPhone = AppStore|iPhone
		AppStore|iPhoneSimulator = AppStore|iPhoneSimulator
		Debug|Any CPU = Debug|Any CPU
		Debug|iPhone = Debug|iPhone
		Debug|iPhoneSimulator = Debug|iPhoneSimulator
		Release|Any CPU = Release|Any CPU
		Release|iPhone = Release|iPhone
		Release|iPhoneSimulator = Release|iPhoneSimulator
	EndGlobalSection
	GlobalSection(ProjectConfigurationPlatforms) = postSolution
		{AB8E49D1-72BA-4150-88A3-FD172A1D4A87}.Ad-Hoc|Any CPU.ActiveCfg = Ad-Hoc|iPhoneSimulator
		{AB8E49D1-72BA-4150-88A3-FD172A1D4A87}.Ad-Hoc|iPhone.ActiveCfg = Ad-Hoc|iPhone
		{AB8E49D1-72BA-4150-88A3-FD172A1D4A87}.Ad-Hoc|iPhone.Build.0 = Ad-Hoc|iPhone
		{AB8E49D1-72BA-4150-88A3-FD172A1D4A87}.Ad-Hoc|iPhoneSimulator.ActiveCfg = Ad-Hoc|iPhoneSimulator
		{AB8E49D1-72BA-4150-88A3-FD172A1D4A87}.Ad-Hoc|iPhoneSimulator.Build.0 = Ad-Hoc|iPhoneSimulator
		{AB8E49D1-72BA-4150-88A3-FD172A1D4A87}.AppStore|Any CPU.ActiveCfg = AppStore|iPhoneSimulator
		{AB8E49D1-72BA-4150-88A3-FD172A1D4A87}.AppStore|iPhone.ActiveCfg = AppStore|iPhone
		{AB8E49D1-72BA-4150-88A3-FD172A1D4A87}.AppStore|iPhone.Build.0 = AppStore|iPhone
		{AB8E49D1-72BA-4150-88A3-FD172A1D4A87}.AppStore|iPhoneSimulator.ActiveCfg = AppStore|iPhoneSimulator
		{AB8E49D1-72BA-4150-88A3-FD172A1D4A87}.AppStore|iPhoneSimulator.Build.0 = AppStore|iPhoneSimulator
		{AB8E49D1-72BA-4150-88A3-FD172A1D4A87}.Debug|Any CPU.ActiveCfg = Debug|iPhoneSimulator
		{AB8E49D1-72BA-4150-88A3-FD172A1D4A87}.Debug|Any CPU.Build.0 = Debug|iPhoneSimulator
		{AB8E49D1-72BA-4150-88A3-FD172A1D4A87}.Debug|iPhone.ActiveCfg = Debug|iPhone
		{AB8E49D1-72BA-4150-88A3-FD172A1D4A87}.Debug|iPhone.Build.0 = Debug|iPhone
		{AB8E49D1-72BA-4150-88A3-FD172A1D4A87}.Debug|iPhoneSimulator.ActiveCfg = Debug|iPhoneSimulator
		{AB8E49D1-72BA-4150-88A3-FD172A1D4A87}.Debug|iPhoneSimulator.Build.0 = Debug|iPhoneSimulator
		{AB8E49D1-72BA-4150-88A3-FD172A1D4A87}.Release|Any CPU.ActiveCfg = Debug|iPhoneSimulator
		{AB8E49D1-72BA-4150-88A3-FD172A1D4A87}.Release|Any CPU.Build.0 = Debug|iPhoneSimulator
		{AB8E49D1-72BA-4150-88A3-FD172A1D4A87}.Release|iPhone.ActiveCfg = Release|iPhone
		{AB8E49D1-72BA-4150-88A3-FD172A1D4A87}.Release|iPhone.Build.0 = Release|iPhone
		{AB8E49D1-72BA-4150-88A3-FD172A1D4A87}.Release|iPhoneSimulator.ActiveCfg = Debug|iPhoneSimulator
		{AB8E49D1-72BA-4150-88A3-FD172A1D4A87}.Release|iPhoneSimulator.Build.0 = Debug|iPhoneSimulator
		{DFD3D4B0-1E41-4457-95F5-B360133D8196}.Ad-Hoc|Any CPU.ActiveCfg = Debug|Any CPU
		{DFD3D4B0-1E41-4457-95F5-B360133D8196}.Ad-Hoc|Any CPU.Build.0 = Debug|Any CPU
		{DFD3D4B0-1E41-4457-95F5-B360133D8196}.Ad-Hoc|iPhone.ActiveCfg = Release|Any CPU
		{DFD3D4B0-1E41-4457-95F5-B360133D8196}.Ad-Hoc|iPhone.Build.0 = Release|Any CPU
		{DFD3D4B0-1E41-4457-95F5-B360133D8196}.Ad-Hoc|iPhoneSimulator.ActiveCfg = Debug|Any CPU
		{DFD3D4B0-1E41-4457-95F5-B360133D8196}.AppStore|Any CPU.ActiveCfg = Debug|Any CPU
		{DFD3D4B0-1E41-4457-95F5-B360133D8196}.AppStore|Any CPU.Build.0 = Debug|Any CPU
		{DFD3D4B0-1E41-4457-95F5-B360133D8196}.AppStore|iPhone.ActiveCfg = Release|Any CPU
		{DFD3D4B0-1E41-4457-95F5-B360133D8196}.AppStore|iPhone.Build.0 = Release|Any CPU
		{DFD3D4B0-1E41-4457-95F5-B360133D8196}.AppStore|iPhoneSimulator.ActiveCfg = Debug|Any CPU
		{DFD3D4B0-1E41-4457-95F5-B360133D8196}.Debug|Any CPU.ActiveCfg = Debug|Any CPU
		{DFD3D4B0-1E41-4457-95F5-B360133D8196}.Debug|Any CPU.Build.0 = Debug|Any CPU
		{DFD3D4B0-1E41-4457-95F5-B360133D8196}.Debug|iPhone.ActiveCfg = Debug|Any CPU
		{DFD3D4B0-1E41-4457-95F5-B360133D8196}.Debug|iPhone.Build.0 = Debug|Any CPU
		{DFD3D4B0-1E41-4457-95F5-B360133D8196}.Debug|iPhoneSimulator.ActiveCfg = Debug|Any CPU
		{DFD3D4B0-1E41-4457-95F5-B360133D8196}.Debug|iPhoneSimulator.Build.0 = Debug|Any CPU
		{DFD3D4B0-1E41-4457-95F5-B360133D8196}.Release|Any CPU.ActiveCfg = Release|Any CPU
		{DFD3D4B0-1E41-4457-95F5-B360133D8196}.Release|Any CPU.Build.0 = Release|Any CPU
		{DFD3D4B0-1E41-4457-95F5-B360133D8196}.Release|iPhone.ActiveCfg = Release|Any CPU
		{DFD3D4B0-1E41-4457-95F5-B360133D8196}.Release|iPhone.Build.0 = Release|Any CPU
		{DFD3D4B0-1E41-4457-95F5-B360133D8196}.Release|iPhoneSimulator.ActiveCfg = Release|Any CPU
		{DFD3D4B0-1E41-4457-95F5-B360133D8196}.Release|iPhoneSimulator.Build.0 = Release|Any CPU
		{FE7ED3C5-C567-408C-B1B8-DC5549F45928}.Ad-Hoc|Any CPU.ActiveCfg = Debug|Any CPU
		{FE7ED3C5-C567-408C-B1B8-DC5549F45928}.Ad-Hoc|Any CPU.Build.0 = Debug|Any CPU
		{FE7ED3C5-C567-408C-B1B8-DC5549F45928}.Ad-Hoc|Any CPU.Deploy.0 = Debug|Any CPU
		{FE7ED3C5-C567-408C-B1B8-DC5549F45928}.Ad-Hoc|iPhone.ActiveCfg = Release|Any CPU
		{FE7ED3C5-C567-408C-B1B8-DC5549F45928}.Ad-Hoc|iPhone.Build.0 = Release|Any CPU
		{FE7ED3C5-C567-408C-B1B8-DC5549F45928}.Ad-Hoc|iPhoneSimulator.ActiveCfg = Debug|Any CPU
		{FE7ED3C5-C567-408C-B1B8-DC5549F45928}.AppStore|Any CPU.ActiveCfg = Debug|Any CPU
		{FE7ED3C5-C567-408C-B1B8-DC5549F45928}.AppStore|Any CPU.Build.0 = Debug|Any CPU
		{FE7ED3C5-C567-408C-B1B8-DC5549F45928}.AppStore|Any CPU.Deploy.0 = Debug|Any CPU
		{FE7ED3C5-C567-408C-B1B8-DC5549F45928}.AppStore|iPhone.ActiveCfg = Release|Any CPU
		{FE7ED3C5-C567-408C-B1B8-DC5549F45928}.AppStore|iPhone.Build.0 = Release|Any CPU
		{FE7ED3C5-C567-408C-B1B8-DC5549F45928}.AppStore|iPhoneSimulator.ActiveCfg = Debug|Any CPU
		{FE7ED3C5-C567-408C-B1B8-DC5549F45928}.Debug|Any CPU.ActiveCfg = Debug|Any CPU
		{FE7ED3C5-C567-408C-B1B8-DC5549F45928}.Debug|Any CPU.Build.0 = Debug|Any CPU
		{FE7ED3C5-C567-408C-B1B8-DC5549F45928}.Debug|Any CPU.Deploy.0 = Debug|Any CPU
		{FE7ED3C5-C567-408C-B1B8-DC5549F45928}.Debug|iPhone.ActiveCfg = Debug|Any CPU
		{FE7ED3C5-C567-408C-B1B8-DC5549F45928}.Debug|iPhone.Build.0 = Debug|Any CPU
		{FE7ED3C5-C567-408C-B1B8-DC5549F45928}.Debug|iPhoneSimulator.ActiveCfg = Debug|Any CPU
		{FE7ED3C5-C567-408C-B1B8-DC5549F45928}.Debug|iPhoneSimulator.Build.0 = Debug|Any CPU
		{FE7ED3C5-C567-408C-B1B8-DC5549F45928}.Release|Any CPU.ActiveCfg = Release|Any CPU
		{FE7ED3C5-C567-408C-B1B8-DC5549F45928}.Release|Any CPU.Build.0 = Release|Any CPU
		{FE7ED3C5-C567-408C-B1B8-DC5549F45928}.Release|iPhone.ActiveCfg = Release|Any CPU
		{FE7ED3C5-C567-408C-B1B8-DC5549F45928}.Release|iPhone.Build.0 = Release|Any CPU
		{FE7ED3C5-C567-408C-B1B8-DC5549F45928}.Release|iPhoneSimulator.ActiveCfg = Release|Any CPU
		{FE7ED3C5-C567-408C-B1B8-DC5549F45928}.Release|iPhoneSimulator.Build.0 = Release|Any CPU
	EndGlobalSection
	GlobalSection(MonoDevelopProperties) = preSolution
		StartupItem = ClickNDone.iOS\ClickNDone.iOS.csproj
	EndGlobalSection
	GlobalSection(SolutionProperties) = preSolution
		HideSolutionNode = FALSE
	EndGlobalSection
EndGlobal
